
Microsoft Visual Studio Solution File, Format Version 12.00
# Visual Studio Version 17
VisualStudioVersion = 17.11.35312.102
MinimumVisualStudioVersion = 10.0.40219.1
Project("{8BC9CEB8-8B4A-11D0-8D11-00A0C91BC942}") = "km", "km\km.vcxproj", "{7181416F-9955-451C-AD56-C7570A1239CF}"
EndProject
Global
	GlobalSection(SolutionConfigurationPlatforms) = preSolution
		Debug|ARM64 = Debug|ARM64
		Debug|x64 = Debug|x64
		Debug|x86 = Debug|x86
		Release|ARM64 = Release|ARM64
		Release|x64 = Release|x64
		Release|x86 = Release|x86
	EndGlobalSection
	GlobalSection(ProjectConfigurationPlatforms) = postSolution
		{7181416F-9955-451C-AD56-C7570A1239CF}.Debug|ARM64.ActiveCfg = Debug|ARM64
		{7181416F-9955-451C-AD56-C7570A1239CF}.Debug|ARM64.Build.0 = Debug|ARM64
		{7181416F-9955-451C-AD56-C7570A1239CF}.Debug|ARM64.Deploy.0 = Debug|ARM64
		{7181416F-9955-451C-AD56-C7570A1239CF}.Debug|x64.ActiveCfg = Debug|x64
		{7181416F-9955-451C-AD56-C7570A1239CF}.Debug|x64.Build.0 = Debug|x64
		{7181416F-9955-451C-AD56-C7570A1239CF}.Debug|x64.Deploy.0 = Debug|x64
		{7181416F-9955-451C-AD56-C7570A1239CF}.Debug|x86.ActiveCfg = Debug|x64
		{7181416F-9955-451C-AD56-C7570A1239CF}.Debug|x86.Build.0 = Debug|x64
		{7181416F-9955-451C-AD56-C7570A1239CF}.Debug|x86.Deploy.0 = Debug|x64
		{7181416F-9955-451C-AD56-C7570A1239CF}.Release|ARM64.ActiveCfg = Release|ARM64
		{7181416F-9955-451C-AD56-C7570A1239CF}.Release|ARM64.Build.0 = Release|ARM64
		{7181416F-9955-451C-AD56-C7570A1239CF}.Release|ARM64.Deploy.0 = Release|ARM64
		{7181416F-9955-451C-AD56-C7570A1239CF}.Release|x64.ActiveCfg = Release|x64
		{7181416F-9955-451C-AD56-C7570A1239CF}.Release|x64.Build.0 = Release|x64
		{7181416F-9955-451C-AD56-C7570A1239CF}.Release|x64.Deploy.0 = Release|x64
		{7181416F-9955-451C-AD56-C7570A1239CF}.Release|x86.ActiveCfg = Release|x64
		{7181416F-9955-451C-AD56-C7570A1239CF}.Release|x86.Build.0 = Release|x64
		{7181416F-9955-451C-AD56-C7570A1239CF}.Release|x86.Deploy.0 = Release|x64
	EndGlobalSection
	GlobalSection(SolutionProperties) = preSolution
		HideSolutionNode = FALSE
	EndGlobalSection
	GlobalSection(ExtensibilityGlobals) = postSolution
		SolutionGuid = {489533E6-1134-450C-9CDF-977F5333507C}
	EndGlobalSection
EndGlobal
